
Microsoft Visual Studio Solution File, Format Version 12.00
# Visual Studio Version 17
VisualStudioVersion = 17.5.33502.453
MinimumVisualStudioVersion = 10.0.40219.1
Project("{9A19103F-16F7-4668-BE54-9A1E7A4F7556}") = "Test-Shope-ASP.NET", "Test-Shope-ASP.NET.csproj", "{35067396-31BB-4F70-B879-85B4EEF2B08F}"
EndProject
Global
	GlobalSection(SolutionConfigurationPlatforms) = preSolution
		Debug|Any CPU = Debug|Any CPU
		Release|Any CPU = Release|Any CPU
	EndGlobalSection
	GlobalSection(ProjectConfigurationPlatforms) = postSolution
		{35067396-31BB-4F70-B879-85B4EEF2B08F}.Debug|Any CPU.ActiveCfg = Debug|Any CPU
		{35067396-31BB-4F70-B879-85B4EEF2B08F}.Debug|Any CPU.Build.0 = Debug|Any CPU
		{35067396-31BB-4F70-B879-85B4EEF2B08F}.Release|Any CPU.ActiveCfg = Release|Any CPU
		{35067396-31BB-4F70-B879-85B4EEF2B08F}.Release|Any CPU.Build.0 = Release|Any CPU
	EndGlobalSection
	GlobalSection(SolutionProperties) = preSolution
		HideSolutionNode = FALSE
	EndGlobalSection
	GlobalSection(ExtensibilityGlobals) = postSolution
		SolutionGuid = {B2E799E4-0427-4412-9EB2-0595911BFCE5}
	EndGlobalSection
EndGlobal
